
Microsoft Visual Studio Solution File, Format Version 12.00
# Visual Studio Version 17
VisualStudioVersion = 17.2.32516.85
MinimumVisualStudioVersion = 10.0.40219.1
Project("{FAE04EC0-301F-11D3-BF4B-00C04F79EFBC}") = "Kurs", "Kurs.csproj", "{B76FA1CA-A307-4E8F-A0CB-45C8C31194F1}"
EndProject
Global
	GlobalSection(SolutionConfigurationPlatforms) = preSolution
		Debug|Any CPU = Debug|Any CPU
		Release|Any CPU = Release|Any CPU
	EndGlobalSection
	GlobalSection(ProjectConfigurationPlatforms) = postSolution
		{B76FA1CA-A307-4E8F-A0CB-45C8C31194F1}.Debug|Any CPU.ActiveCfg = Debug|Any CPU
		{B76FA1CA-A307-4E8F-A0CB-45C8C31194F1}.Debug|Any CPU.Build.0 = Debug|Any CPU
		{B76FA1CA-A307-4E8F-A0CB-45C8C31194F1}.Release|Any CPU.ActiveCfg = Debug|Any CPU
		{B76FA1CA-A307-4E8F-A0CB-45C8C31194F1}.Release|Any CPU.Build.0 = Debug|Any CPU
	EndGlobalSection
	GlobalSection(SolutionProperties) = preSolution
		HideSolutionNode = FALSE
	EndGlobalSection
	GlobalSection(ExtensibilityGlobals) = postSolution
		SolutionGuid = {65FB3BFD-2BE6-42AF-866E-74039C438D53}
	EndGlobalSection
EndGlobal
